<?xml version="1.0" encoding="utf-8"?>
<Project ToolsVersion="4.0" xmlns="http://schemas.microsoft.com/developer/msbuild/2003">
  <ItemGroup>
    <Filter Include="Sources">
      <UniqueIdentifier>{8b7ed093-66ce-4096-96d2-fbb9faa4bf52}</UniqueIdentifier>
    </Filter>
    <Filter Include="Sources\Modules">
      <UniqueIdentifier>{7b418be2-1631-4a31-9ef2-8a8b234a7339}</UniqueIdentifier>
    </Filter>
    <Filter Include="Sources\Containers">
      <UniqueIdentifier>{afc36133-f401-499a-aa33-0da1e500fb52}</UniqueIdentifier>
    </Filter>
    <Filter Include="Sources\Tools">
      <UniqueIdentifier>{7e4dfaf7-022c-4f7d-92aa-f3b3fa9d6248}</UniqueIdentifier>
    </Filter>
    <Filter Include="Sources\Helpers">
      <UniqueIdentifier>{121f8e6b-df36-4ab0-be0d-601ddfc9e503}</UniqueIdentifier>
    </Filter>
    <Filter Include="Sources\Modules\Game">
      <UniqueIdentifier>{83f46af7-e02f-40c0-9e56-41d76082527b}</UniqueIdentifier>
    </Filter>
    <Filter Include="Sources\Dependencies">
      <UniqueIdentifier>{7639be4f-7ada-4263-ae22-1d222748868f}</UniqueIdentifier>
    </Filter>
    <Filter Include="Sources\Dependencies\ImGui">
      <UniqueIdentifier>{b70bb5e0-07a2-444c-8259-554435276593}</UniqueIdentifier>
    </Filter>
    <Filter Include="Sources\Dependencies\MathGeoLib">
      <UniqueIdentifier>{fac93cd7-776b-4b87-873f-3333e0c8fa78}</UniqueIdentifier>
    </Filter>
    <Filter Include="Sources\Dependencies\MathGeoLib\Algorithm">
      <UniqueIdentifier>{d395cff3-40f8-4a90-8631-89c5773bf517}</UniqueIdentifier>
    </Filter>
    <Filter Include="Sources\Dependencies\MathGeoLib\Algorithm\Random">
      <UniqueIdentifier>{a3768ae6-2c0a-4cdd-bf90-1751ac9ce1bd}</UniqueIdentifier>
    </Filter>
    <Filter Include="Sources\Dependencies\MathGeoLib\Geometry">
      <UniqueIdentifier>{3d26de22-d709-4a69-9719-731975f27ff8}</UniqueIdentifier>
    </Filter>
    <Filter Include="Sources\Dependencies\MathGeoLib\Math">
      <UniqueIdentifier>{04db2ad1-8c60-402a-ab0c-5618c4965180}</UniqueIdentifier>
    </Filter>
    <Filter Include="Sources\Dependencies\MathGeoLib\Time">
      <UniqueIdentifier>{4d75c01e-12da-4d69-8bf7-390204b02bd0}</UniqueIdentifier>
    </Filter>
    <Filter Include="Sources\Dependencies\PCG">
      <UniqueIdentifier>{d0afed12-57db-4e05-8afd-8f7bd424d467}</UniqueIdentifier>
    </Filter>
    <Filter Include="Sources\Dependencies\JSON">
      <UniqueIdentifier>{d4f08f7f-882b-4c2e-839a-a4a39691df4b}</UniqueIdentifier>
    </Filter>
    <Filter Include="Sources\Configuration">
      <UniqueIdentifier>{a7cce427-d3e4-4e5d-8def-d86088e84e9f}</UniqueIdentifier>
    </Filter>
    <Filter Include="Sources\Dependencies\Par">
      <UniqueIdentifier>{1fb39760-4a70-4520-8923-cda0a789652a}</UniqueIdentifier>
    </Filter>
    <Filter Include="Sources\Primitives">
      <UniqueIdentifier>{b4aa2d37-bc07-4338-b259-f7686bdf0266}</UniqueIdentifier>
    </Filter>
    <Filter Include="Sources\Dependencies\PhysFS">
      <UniqueIdentifier>{49a7e15b-e211-4256-98e7-c7faa87a2d00}</UniqueIdentifier>
    </Filter>
    <Filter Include="Sources\Dependencies\DevIL">
      <UniqueIdentifier>{2388e0db-9ad1-41e5-9ba5-cda5bd7a77c8}</UniqueIdentifier>
    </Filter>
    <Filter Include="Sources\GameObject">
      <UniqueIdentifier>{b4707be7-5a27-4fb0-8db3-6e50275f4b97}</UniqueIdentifier>
    </Filter>
    <Filter Include="Sources\GameObject\Mesh">
      <UniqueIdentifier>{1e510399-688b-4768-83ad-1bd781408afb}</UniqueIdentifier>
    </Filter>
    <Filter Include="Sources\GameObject\Texture">
      <UniqueIdentifier>{4e32592a-db0c-4227-a422-4b4e37fd5845}</UniqueIdentifier>
    </Filter>
    <Filter Include="Sources\GameObject\Component">
      <UniqueIdentifier>{a8c51188-c696-4726-a9ac-8eba601c7ba0}</UniqueIdentifier>
    </Filter>
    <Filter Include="Sources\Panel">
      <UniqueIdentifier>{eaf39d7a-448b-461c-818f-33dff9f2c77c}</UniqueIdentifier>
    </Filter>
    <Filter Include="Sources\Core">
      <UniqueIdentifier>{989c397a-db6c-482a-94a4-a117d59a9b2d}</UniqueIdentifier>
    </Filter>
  </ItemGroup>
  <ItemGroup>
    <ClInclude Include="Module.h">
      <Filter>Sources\Modules</Filter>
    </ClInclude>
    <ClInclude Include="ModuleCamera3D.h">
      <Filter>Sources\Modules</Filter>
    </ClInclude>
    <ClInclude Include="ModuleInput.h">
      <Filter>Sources\Modules</Filter>
    </ClInclude>
    <ClInclude Include="ModuleRenderer3D.h">
      <Filter>Sources\Modules</Filter>
    </ClInclude>
    <ClInclude Include="ModuleWindow.h">
      <Filter>Sources\Modules</Filter>
    </ClInclude>
    <ClInclude Include="glmath.h">
      <Filter>Sources\Containers</Filter>
    </ClInclude>
    <ClInclude Include="Color.h">
      <Filter>Sources\Containers</Filter>
    </ClInclude>
    <ClInclude Include="Light.h">
      <Filter>Sources\Helpers</Filter>
    </ClInclude>
    <ClInclude Include="ModuleSceneIntro.h">
      <Filter>Sources\Modules\Game</Filter>
    </ClInclude>
    <ClInclude Include="Timer.h">
      <Filter>Sources\Tools</Filter>
    </ClInclude>
    <ClInclude Include="ModuleUserInterface.h">
      <Filter>Sources\Modules</Filter>
    </ClInclude>
    <ClInclude Include="MathGeoLib\include\MathBuildConfig.h">
      <Filter>Sources\Dependencies\MathGeoLib</Filter>
    </ClInclude>
    <ClInclude Include="MathGeoLib\include\MathGeoLib.h">
      <Filter>Sources\Dependencies\MathGeoLib</Filter>
    </ClInclude>
    <ClInclude Include="MathGeoLib\include\MathGeoLibFwd.h">
      <Filter>Sources\Dependencies\MathGeoLib</Filter>
    </ClInclude>
    <ClInclude Include="MathGeoLib\include\Algorithm\Random\LCG.h">
      <Filter>Sources\Dependencies\MathGeoLib\Algorithm\Random</Filter>
    </ClInclude>
    <ClInclude Include="MathGeoLib\include\Geometry\AABB.h">
      <Filter>Sources\Dependencies\MathGeoLib\Geometry</Filter>
    </ClInclude>
    <ClInclude Include="MathGeoLib\include\Geometry\AABB2D.h">
      <Filter>Sources\Dependencies\MathGeoLib\Geometry</Filter>
    </ClInclude>
    <ClInclude Include="MathGeoLib\include\Geometry\Capsule.h">
      <Filter>Sources\Dependencies\MathGeoLib\Geometry</Filter>
    </ClInclude>
    <ClInclude Include="MathGeoLib\include\Geometry\Circle.h">
      <Filter>Sources\Dependencies\MathGeoLib\Geometry</Filter>
    </ClInclude>
    <ClInclude Include="MathGeoLib\include\Geometry\Cone.h">
      <Filter>Sources\Dependencies\MathGeoLib\Geometry</Filter>
    </ClInclude>
    <ClInclude Include="MathGeoLib\include\Geometry\Cylinder.h">
      <Filter>Sources\Dependencies\MathGeoLib\Geometry</Filter>
    </ClInclude>
    <ClInclude Include="MathGeoLib\include\Geometry\Frustum.h">
      <Filter>Sources\Dependencies\MathGeoLib\Geometry</Filter>
    </ClInclude>
    <ClInclude Include="MathGeoLib\include\Geometry\GeometryAll.h">
      <Filter>Sources\Dependencies\MathGeoLib\Geometry</Filter>
    </ClInclude>
    <ClInclude Include="MathGeoLib\include\Geometry\GeomType.h">
      <Filter>Sources\Dependencies\MathGeoLib\Geometry</Filter>
    </ClInclude>
    <ClInclude Include="MathGeoLib\include\Geometry\HitInfo.h">
      <Filter>Sources\Dependencies\MathGeoLib\Geometry</Filter>
    </ClInclude>
    <ClInclude Include="MathGeoLib\include\Geometry\KDTree.h">
      <Filter>Sources\Dependencies\MathGeoLib\Geometry</Filter>
    </ClInclude>
    <ClInclude Include="MathGeoLib\include\Geometry\Line.h">
      <Filter>Sources\Dependencies\MathGeoLib\Geometry</Filter>
    </ClInclude>
    <ClInclude Include="MathGeoLib\include\Geometry\LineSegment.h">
      <Filter>Sources\Dependencies\MathGeoLib\Geometry</Filter>
    </ClInclude>
    <ClInclude Include="MathGeoLib\include\Geometry\OBB.h">
      <Filter>Sources\Dependencies\MathGeoLib\Geometry</Filter>
    </ClInclude>
    <ClInclude Include="MathGeoLib\include\Geometry\PBVolume.h">
      <Filter>Sources\Dependencies\MathGeoLib\Geometry</Filter>
    </ClInclude>
    <ClInclude Include="MathGeoLib\include\Geometry\Plane.h">
      <Filter>Sources\Dependencies\MathGeoLib\Geometry</Filter>
    </ClInclude>
    <ClInclude Include="MathGeoLib\include\Geometry\Polygon.h">
      <Filter>Sources\Dependencies\MathGeoLib\Geometry</Filter>
    </ClInclude>
    <ClInclude Include="MathGeoLib\include\Geometry\Polyhedron.h">
      <Filter>Sources\Dependencies\MathGeoLib\Geometry</Filter>
    </ClInclude>
    <ClInclude Include="MathGeoLib\include\Geometry\QuadTree.h">
      <Filter>Sources\Dependencies\MathGeoLib\Geometry</Filter>
    </ClInclude>
    <ClInclude Include="MathGeoLib\include\Geometry\Ray.h">
      <Filter>Sources\Dependencies\MathGeoLib\Geometry</Filter>
    </ClInclude>
    <ClInclude Include="MathGeoLib\include\Geometry\Sphere.h">
      <Filter>Sources\Dependencies\MathGeoLib\Geometry</Filter>
    </ClInclude>
    <ClInclude Include="MathGeoLib\include\Geometry\Triangle.h">
      <Filter>Sources\Dependencies\MathGeoLib\Geometry</Filter>
    </ClInclude>
    <ClInclude Include="MathGeoLib\include\Geometry\TriangleMesh.h">
      <Filter>Sources\Dependencies\MathGeoLib\Geometry</Filter>
    </ClInclude>
    <ClInclude Include="MathGeoLib\include\Math\assume.h">
      <Filter>Sources\Dependencies\MathGeoLib\Math</Filter>
    </ClInclude>
    <ClInclude Include="MathGeoLib\include\Math\BitOps.h">
      <Filter>Sources\Dependencies\MathGeoLib\Math</Filter>
    </ClInclude>
    <ClInclude Include="MathGeoLib\include\Math\Complex.h">
      <Filter>Sources\Dependencies\MathGeoLib\Math</Filter>
    </ClInclude>
    <ClInclude Include="MathGeoLib\include\Math\CoordinateAxisConvention.h">
      <Filter>Sources\Dependencies\MathGeoLib\Math</Filter>
    </ClInclude>
    <ClInclude Include="MathGeoLib\include\Math\FixedPoint.h">
      <Filter>Sources\Dependencies\MathGeoLib\Math</Filter>
    </ClInclude>
    <ClInclude Include="MathGeoLib\include\Math\float2.h">
      <Filter>Sources\Dependencies\MathGeoLib\Math</Filter>
    </ClInclude>
    <ClInclude Include="MathGeoLib\include\Math\float3.h">
      <Filter>Sources\Dependencies\MathGeoLib\Math</Filter>
    </ClInclude>
    <ClInclude Include="MathGeoLib\include\Math\float3x3.h">
      <Filter>Sources\Dependencies\MathGeoLib\Math</Filter>
    </ClInclude>
    <ClInclude Include="MathGeoLib\include\Math\float3x4.h">
      <Filter>Sources\Dependencies\MathGeoLib\Math</Filter>
    </ClInclude>
    <ClInclude Include="MathGeoLib\include\Math\float4.h">
      <Filter>Sources\Dependencies\MathGeoLib\Math</Filter>
    </ClInclude>
    <ClInclude Include="MathGeoLib\include\Math\float4_neon.h">
      <Filter>Sources\Dependencies\MathGeoLib\Math</Filter>
    </ClInclude>
    <ClInclude Include="MathGeoLib\include\Math\float4_sse.h">
      <Filter>Sources\Dependencies\MathGeoLib\Math</Filter>
    </ClInclude>
    <ClInclude Include="MathGeoLib\include\Math\float4x4.h">
      <Filter>Sources\Dependencies\MathGeoLib\Math</Filter>
    </ClInclude>
    <ClInclude Include="MathGeoLib\include\Math\float4x4_neon.h">
      <Filter>Sources\Dependencies\MathGeoLib\Math</Filter>
    </ClInclude>
    <ClInclude Include="MathGeoLib\include\Math\float4x4_sse.h">
      <Filter>Sources\Dependencies\MathGeoLib\Math</Filter>
    </ClInclude>
    <ClInclude Include="MathGeoLib\include\Math\FloatCmp.h">
      <Filter>Sources\Dependencies\MathGeoLib\Math</Filter>
    </ClInclude>
    <ClInclude Include="MathGeoLib\include\Math\MathAll.h">
      <Filter>Sources\Dependencies\MathGeoLib\Math</Filter>
    </ClInclude>
    <ClInclude Include="MathGeoLib\include\Math\MathConstants.h">
      <Filter>Sources\Dependencies\MathGeoLib\Math</Filter>
    </ClInclude>
    <ClInclude Include="MathGeoLib\include\Math\MathFunc.h">
      <Filter>Sources\Dependencies\MathGeoLib\Math</Filter>
    </ClInclude>
    <ClInclude Include="MathGeoLib\include\Math\MathLog.h">
      <Filter>Sources\Dependencies\MathGeoLib\Math</Filter>
    </ClInclude>
    <ClInclude Include="MathGeoLib\include\Math\MathNamespace.h">
      <Filter>Sources\Dependencies\MathGeoLib\Math</Filter>
    </ClInclude>
    <ClInclude Include="MathGeoLib\include\Math\MathTypes.h">
      <Filter>Sources\Dependencies\MathGeoLib\Math</Filter>
    </ClInclude>
    <ClInclude Include="MathGeoLib\include\Math\MatrixProxy.h">
      <Filter>Sources\Dependencies\MathGeoLib\Math</Filter>
    </ClInclude>
    <ClInclude Include="MathGeoLib\include\Math\myassert.h">
      <Filter>Sources\Dependencies\MathGeoLib\Math</Filter>
    </ClInclude>
    <ClInclude Include="MathGeoLib\include\Math\Polynomial.h">
      <Filter>Sources\Dependencies\MathGeoLib\Math</Filter>
    </ClInclude>
    <ClInclude Include="MathGeoLib\include\Math\Quat.h">
      <Filter>Sources\Dependencies\MathGeoLib\Math</Filter>
    </ClInclude>
    <ClInclude Include="MathGeoLib\include\Math\quat_simd.h">
      <Filter>Sources\Dependencies\MathGeoLib\Math</Filter>
    </ClInclude>
    <ClInclude Include="MathGeoLib\include\Math\Rect.h">
      <Filter>Sources\Dependencies\MathGeoLib\Math</Filter>
    </ClInclude>
    <ClInclude Include="MathGeoLib\include\Math\Reinterpret.h">
      <Filter>Sources\Dependencies\MathGeoLib\Math</Filter>
    </ClInclude>
    <ClInclude Include="MathGeoLib\include\Math\sse_mathfun.h">
      <Filter>Sources\Dependencies\MathGeoLib\Math</Filter>
    </ClInclude>
    <ClInclude Include="MathGeoLib\include\Math\SSEMath.h">
      <Filter>Sources\Dependencies\MathGeoLib\Math</Filter>
    </ClInclude>
    <ClInclude Include="MathGeoLib\include\Math\TransformOps.h">
      <Filter>Sources\Dependencies\MathGeoLib\Math</Filter>
    </ClInclude>
    <ClInclude Include="MathGeoLib\include\Time\Clock.h">
      <Filter>Sources\Dependencies\MathGeoLib\Time</Filter>
    </ClInclude>
    <ClInclude Include="PCG\include\pcg_extras.hpp">
      <Filter>Sources\Dependencies\PCG</Filter>
    </ClInclude>
    <ClInclude Include="PCG\include\pcg_random.hpp">
      <Filter>Sources\Dependencies\PCG</Filter>
    </ClInclude>
    <ClInclude Include="PCG\include\pcg_uint128.hpp">
      <Filter>Sources\Dependencies\PCG</Filter>
    </ClInclude>
    <ClInclude Include="JSON\parson.h">
      <Filter>Sources\Dependencies\JSON</Filter>
    </ClInclude>
    <ClInclude Include="ModuleImporter.h">
      <Filter>Sources\Modules</Filter>
    </ClInclude>
    <ClInclude Include="Par\par_shapes.h">
      <Filter>Sources\Dependencies\Par</Filter>
    </ClInclude>
    <ClInclude Include="Primitive.h">
      <Filter>Sources\Primitives</Filter>
    </ClInclude>
    <ClInclude Include="P_Sphere.h">
      <Filter>Sources\Primitives</Filter>
    </ClInclude>
    <ClInclude Include="P_Plane.h">
      <Filter>Sources\Primitives</Filter>
    </ClInclude>
    <ClInclude Include="P_Cube.h">
      <Filter>Sources\Primitives</Filter>
    </ClInclude>
    <ClInclude Include="ModuleFileSystem.h">
      <Filter>Sources\Modules</Filter>
    </ClInclude>
    <ClInclude Include="PhysFS\include\physfs.h">
      <Filter>Sources\Dependencies\PhysFS</Filter>
    </ClInclude>
    <ClInclude Include="DevIL\include\IL\devil_cpp_wrapper.hpp">
      <Filter>Sources\Dependencies\DevIL</Filter>
    </ClInclude>
    <ClInclude Include="DevIL\include\IL\devil_internal_exports.h">
      <Filter>Sources\Dependencies\DevIL</Filter>
    </ClInclude>
    <ClInclude Include="DevIL\include\IL\il.h">
      <Filter>Sources\Dependencies\DevIL</Filter>
    </ClInclude>
    <ClInclude Include="DevIL\include\IL\il_wrap.h">
      <Filter>Sources\Dependencies\DevIL</Filter>
    </ClInclude>
    <ClInclude Include="DevIL\include\IL\ilu.h">
      <Filter>Sources\Dependencies\DevIL</Filter>
    </ClInclude>
    <ClInclude Include="DevIL\include\IL\ilu_region.h">
      <Filter>Sources\Dependencies\DevIL</Filter>
    </ClInclude>
    <ClInclude Include="DevIL\include\IL\ilut.h">
      <Filter>Sources\Dependencies\DevIL</Filter>
    </ClInclude>
    <ClInclude Include="DevIL\include\IL\ilut_config.h">
      <Filter>Sources\Dependencies\DevIL</Filter>
    </ClInclude>
    <ClInclude Include="GameObject.h">
      <Filter>Sources\GameObject</Filter>
    </ClInclude>
    <ClInclude Include="Mesh.h">
      <Filter>Sources\GameObject\Mesh</Filter>
    </ClInclude>
    <ClInclude Include="Texture.h">
      <Filter>Sources\GameObject\Texture</Filter>
    </ClInclude>
    <ClInclude Include="Component.h">
      <Filter>Sources\GameObject\Component</Filter>
    </ClInclude>
    <ClInclude Include="Component_Transform.h">
      <Filter>Sources\GameObject\Component</Filter>
    </ClInclude>
    <ClInclude Include="Component_Mesh.h">
      <Filter>Sources\GameObject\Component</Filter>
    </ClInclude>
    <ClInclude Include="ImGui\imconfig.h">
      <Filter>Sources\Dependencies\ImGui</Filter>
    </ClInclude>
    <ClInclude Include="ImGui\imgui.h">
      <Filter>Sources\Dependencies\ImGui</Filter>
    </ClInclude>
    <ClInclude Include="ImGui\imgui_internal.h">
      <Filter>Sources\Dependencies\ImGui</Filter>
    </ClInclude>
    <ClInclude Include="ImGui\imgui_plot.h">
      <Filter>Sources\Dependencies\ImGui</Filter>
    </ClInclude>
    <ClInclude Include="ImGui\imstb_rectpack.h">
      <Filter>Sources\Dependencies\ImGui</Filter>
    </ClInclude>
    <ClInclude Include="ImGui\imstb_textedit.h">
      <Filter>Sources\Dependencies\ImGui</Filter>
    </ClInclude>
    <ClInclude Include="ImGui\imstb_truetype.h">
      <Filter>Sources\Dependencies\ImGui</Filter>
    </ClInclude>
    <ClInclude Include="ImGui\imgui_impl_opengl3.h">
      <Filter>Sources\Dependencies\ImGui</Filter>
    </ClInclude>
    <ClInclude Include="ImGui\imgui_impl_sdl.h">
      <Filter>Sources\Dependencies\ImGui</Filter>
    </ClInclude>
    <ClInclude Include="Panel.h">
      <Filter>Sources\Panel</Filter>
    </ClInclude>
    <ClInclude Include="PanelScene.h">
      <Filter>Sources\Panel</Filter>
    </ClInclude>
    <ClInclude Include="PanelMainMenuBar.h">
      <Filter>Sources\Panel</Filter>
    </ClInclude>
    <ClInclude Include="PanelConsole.h">
      <Filter>Sources\Panel</Filter>
    </ClInclude>
    <ClInclude Include="PanelConfiguration.h">
      <Filter>Sources\Panel</Filter>
    </ClInclude>
    <ClInclude Include="PanelAbout.h">
      <Filter>Sources\Panel</Filter>
    </ClInclude>
    <ClInclude Include="PanelHierarchy.h">
      <Filter>Sources\Panel</Filter>
    </ClInclude>
    <ClInclude Include="PanelInspector.h">
      <Filter>Sources\Panel</Filter>
    </ClInclude>
    <ClInclude Include="Component_Material.h">
      <Filter>Sources\GameObject\Component</Filter>
    </ClInclude>
    <ClInclude Include="Application.h">
      <Filter>Sources\Core</Filter>
    </ClInclude>
    <ClInclude Include="Globals.h">
      <Filter>Sources\Core</Filter>
    </ClInclude>
    <ClInclude Include="PanelAssets.h">
      <Filter>Sources\Panel</Filter>
    </ClInclude>
    <ClInclude Include="FrameBufferObject.h">
      <Filter>Sources\Helpers</Filter>
    </ClInclude>
    <ClInclude Include="PanelLibrary.h">
      <Filter>Sources\Panel</Filter>
    </ClInclude>
    <ClInclude Include="PerfTimer.h">
      <Filter>Sources\Tools</Filter>
    </ClInclude>
  </ItemGroup>
  <ItemGroup>
    <ClCompile Include="ModuleCamera3D.cpp">
      <Filter>Sources\Modules</Filter>
    </ClCompile>
    <ClCompile Include="ModuleInput.cpp">
      <Filter>Sources\Modules</Filter>
    </ClCompile>
    <ClCompile Include="ModuleRenderer3D.cpp">
      <Filter>Sources\Modules</Filter>
    </ClCompile>
    <ClCompile Include="ModuleWindow.cpp">
      <Filter>Sources\Modules</Filter>
    </ClCompile>
    <ClCompile Include="log.cpp">
      <Filter>Sources\Tools</Filter>
    </ClCompile>
    <ClCompile Include="Timer.cpp">
      <Filter>Sources\Tools</Filter>
    </ClCompile>
    <ClCompile Include="glmath.cpp">
      <Filter>Sources\Containers</Filter>
    </ClCompile>
    <ClCompile Include="Color.cpp">
      <Filter>Sources\Containers</Filter>
    </ClCompile>
    <ClCompile Include="Light.cpp">
      <Filter>Sources\Helpers</Filter>
    </ClCompile>
    <ClCompile Include="ModuleSceneIntro.cpp">
      <Filter>Sources\Modules\Game</Filter>
    </ClCompile>
    <ClCompile Include="ModuleUserInterface.cpp">
      <Filter>Sources\Modules</Filter>
    </ClCompile>
    <ClCompile Include="MathGeoLib\include\Algorithm\Random\LCG.cpp">
      <Filter>Sources\Dependencies\MathGeoLib\Algorithm\Random</Filter>
    </ClCompile>
    <ClCompile Include="MathGeoLib\include\Geometry\AABB.cpp">
      <Filter>Sources\Dependencies\MathGeoLib\Geometry</Filter>
    </ClCompile>
    <ClCompile Include="MathGeoLib\include\Geometry\Capsule.cpp">
      <Filter>Sources\Dependencies\MathGeoLib\Geometry</Filter>
    </ClCompile>
    <ClCompile Include="MathGeoLib\include\Geometry\Circle.cpp">
      <Filter>Sources\Dependencies\MathGeoLib\Geometry</Filter>
    </ClCompile>
    <ClCompile Include="MathGeoLib\include\Geometry\Cone.cpp">
      <Filter>Sources\Dependencies\MathGeoLib\Geometry</Filter>
    </ClCompile>
    <ClCompile Include="MathGeoLib\include\Geometry\Cylinder.cpp">
      <Filter>Sources\Dependencies\MathGeoLib\Geometry</Filter>
    </ClCompile>
    <ClCompile Include="MathGeoLib\include\Geometry\Frustum.cpp">
      <Filter>Sources\Dependencies\MathGeoLib\Geometry</Filter>
    </ClCompile>
    <ClCompile Include="MathGeoLib\include\Geometry\Line.cpp">
      <Filter>Sources\Dependencies\MathGeoLib\Geometry</Filter>
    </ClCompile>
    <ClCompile Include="MathGeoLib\include\Geometry\LineSegment.cpp">
      <Filter>Sources\Dependencies\MathGeoLib\Geometry</Filter>
    </ClCompile>
    <ClCompile Include="MathGeoLib\include\Geometry\OBB.cpp">
      <Filter>Sources\Dependencies\MathGeoLib\Geometry</Filter>
    </ClCompile>
    <ClCompile Include="MathGeoLib\include\Geometry\Plane.cpp">
      <Filter>Sources\Dependencies\MathGeoLib\Geometry</Filter>
    </ClCompile>
    <ClCompile Include="MathGeoLib\include\Geometry\Polygon.cpp">
      <Filter>Sources\Dependencies\MathGeoLib\Geometry</Filter>
    </ClCompile>
    <ClCompile Include="MathGeoLib\include\Geometry\Polyhedron.cpp">
      <Filter>Sources\Dependencies\MathGeoLib\Geometry</Filter>
    </ClCompile>
    <ClCompile Include="MathGeoLib\include\Geometry\Ray.cpp">
      <Filter>Sources\Dependencies\MathGeoLib\Geometry</Filter>
    </ClCompile>
    <ClCompile Include="MathGeoLib\include\Geometry\Sphere.cpp">
      <Filter>Sources\Dependencies\MathGeoLib\Geometry</Filter>
    </ClCompile>
    <ClCompile Include="MathGeoLib\include\Geometry\Triangle.cpp">
      <Filter>Sources\Dependencies\MathGeoLib\Geometry</Filter>
    </ClCompile>
    <ClCompile Include="MathGeoLib\include\Geometry\TriangleMesh.cpp">
      <Filter>Sources\Dependencies\MathGeoLib\Geometry</Filter>
    </ClCompile>
    <ClCompile Include="MathGeoLib\include\Math\BitOps.cpp">
      <Filter>Sources\Dependencies\MathGeoLib\Math</Filter>
    </ClCompile>
    <ClCompile Include="MathGeoLib\include\Math\float2.cpp">
      <Filter>Sources\Dependencies\MathGeoLib\Math</Filter>
    </ClCompile>
    <ClCompile Include="MathGeoLib\include\Math\float3.cpp">
      <Filter>Sources\Dependencies\MathGeoLib\Math</Filter>
    </ClCompile>
    <ClCompile Include="MathGeoLib\include\Math\float3x3.cpp">
      <Filter>Sources\Dependencies\MathGeoLib\Math</Filter>
    </ClCompile>
    <ClCompile Include="MathGeoLib\include\Math\float3x4.cpp">
      <Filter>Sources\Dependencies\MathGeoLib\Math</Filter>
    </ClCompile>
    <ClCompile Include="MathGeoLib\include\Math\float4.cpp">
      <Filter>Sources\Dependencies\MathGeoLib\Math</Filter>
    </ClCompile>
    <ClCompile Include="MathGeoLib\include\Math\float4x4.cpp">
      <Filter>Sources\Dependencies\MathGeoLib\Math</Filter>
    </ClCompile>
    <ClCompile Include="MathGeoLib\include\Math\MathFunc.cpp">
      <Filter>Sources\Dependencies\MathGeoLib\Math</Filter>
    </ClCompile>
    <ClCompile Include="MathGeoLib\include\Math\MathLog.cpp">
      <Filter>Sources\Dependencies\MathGeoLib\Math</Filter>
    </ClCompile>
    <ClCompile Include="MathGeoLib\include\Math\MathOps.cpp">
      <Filter>Sources\Dependencies\MathGeoLib\Math</Filter>
    </ClCompile>
    <ClCompile Include="MathGeoLib\include\Math\Polynomial.cpp">
      <Filter>Sources\Dependencies\MathGeoLib\Math</Filter>
    </ClCompile>
    <ClCompile Include="MathGeoLib\include\Math\Quat.cpp">
      <Filter>Sources\Dependencies\MathGeoLib\Math</Filter>
    </ClCompile>
    <ClCompile Include="MathGeoLib\include\Math\SSEMath.cpp">
      <Filter>Sources\Dependencies\MathGeoLib\Math</Filter>
    </ClCompile>
    <ClCompile Include="MathGeoLib\include\Math\TransformOps.cpp">
      <Filter>Sources\Dependencies\MathGeoLib\Math</Filter>
    </ClCompile>
    <ClCompile Include="MathGeoLib\include\Time\Clock.cpp">
      <Filter>Sources\Dependencies\MathGeoLib\Time</Filter>
    </ClCompile>
    <ClCompile Include="JSON\parson.cpp">
      <Filter>Sources\Dependencies\JSON</Filter>
    </ClCompile>
    <ClCompile Include="ModuleImporter.cpp">
      <Filter>Sources\Modules</Filter>
    </ClCompile>
    <ClCompile Include="Par\par_shapes.cpp">
      <Filter>Sources\Dependencies\Par</Filter>
    </ClCompile>
    <ClCompile Include="Primitive.cpp">
      <Filter>Sources\Primitives</Filter>
    </ClCompile>
    <ClCompile Include="P_Sphere.cpp">
      <Filter>Sources\Primitives</Filter>
    </ClCompile>
    <ClCompile Include="P_Plane.cpp">
      <Filter>Sources\Primitives</Filter>
    </ClCompile>
    <ClCompile Include="P_Cube.cpp">
      <Filter>Sources\Primitives</Filter>
    </ClCompile>
    <ClCompile Include="ModuleFileSystem.cpp">
      <Filter>Sources\Modules</Filter>
    </ClCompile>
    <ClCompile Include="GameObject.cpp">
      <Filter>Sources\GameObject</Filter>
    </ClCompile>
    <ClCompile Include="Mesh.cpp">
      <Filter>Sources\GameObject\Mesh</Filter>
    </ClCompile>
    <ClCompile Include="Texture.cpp">
      <Filter>Sources\GameObject\Texture</Filter>
    </ClCompile>
    <ClCompile Include="Component.cpp">
      <Filter>Sources\GameObject\Component</Filter>
    </ClCompile>
    <ClCompile Include="Component_Transform.cpp">
      <Filter>Sources\GameObject\Component</Filter>
    </ClCompile>
    <ClCompile Include="Component_Mesh.cpp">
      <Filter>Sources\GameObject\Component</Filter>
    </ClCompile>
    <ClCompile Include="ImGui\imgui.cpp">
      <Filter>Sources\Dependencies\ImGui</Filter>
    </ClCompile>
    <ClCompile Include="ImGui\imgui_demo.cpp">
      <Filter>Sources\Dependencies\ImGui</Filter>
    </ClCompile>
    <ClCompile Include="ImGui\imgui_draw.cpp">
      <Filter>Sources\Dependencies\ImGui</Filter>
    </ClCompile>
    <ClCompile Include="ImGui\imgui_plot.cpp">
      <Filter>Sources\Dependencies\ImGui</Filter>
    </ClCompile>
    <ClCompile Include="ImGui\imgui_widgets.cpp">
      <Filter>Sources\Dependencies\ImGui</Filter>
    </ClCompile>
    <ClCompile Include="ImGui\imgui_impl_opengl3.cpp">
      <Filter>Sources\Dependencies\ImGui</Filter>
    </ClCompile>
    <ClCompile Include="ImGui\imgui_impl_sdl.cpp">
      <Filter>Sources\Dependencies\ImGui</Filter>
    </ClCompile>
    <ClCompile Include="Panel.cpp">
      <Filter>Sources\Panel</Filter>
    </ClCompile>
    <ClCompile Include="PanelScene.cpp">
      <Filter>Sources\Panel</Filter>
    </ClCompile>
    <ClCompile Include="PanelMainMenuBar.cpp">
      <Filter>Sources\Panel</Filter>
    </ClCompile>
    <ClCompile Include="PanelConsole.cpp">
      <Filter>Sources\Panel</Filter>
    </ClCompile>
    <ClCompile Include="PanelConfiguration.cpp">
      <Filter>Sources\Panel</Filter>
    </ClCompile>
    <ClCompile Include="PanelAbout.cpp">
      <Filter>Sources\Panel</Filter>
    </ClCompile>
    <ClCompile Include="PanelHierarchy.cpp">
      <Filter>Sources\Panel</Filter>
    </ClCompile>
    <ClCompile Include="PanelInspector.cpp">
      <Filter>Sources\Panel</Filter>
    </ClCompile>
    <ClCompile Include="Component_Material.cpp">
      <Filter>Sources\GameObject\Component</Filter>
    </ClCompile>
    <ClCompile Include="Main.cpp">
      <Filter>Sources\Core</Filter>
    </ClCompile>
    <ClCompile Include="Application.cpp">
      <Filter>Sources\Core</Filter>
    </ClCompile>
    <ClCompile Include="PanelAssets.cpp">
      <Filter>Sources\Panel</Filter>
    </ClCompile>
    <ClCompile Include="FrameBufferObject.cpp">
      <Filter>Sources\Helpers</Filter>
    </ClCompile>
    <ClCompile Include="PanelLibrary.cpp">
      <Filter>Sources\Panel</Filter>
    </ClCompile>
    <ClCompile Include="PerfTimer.cpp">
      <Filter>Sources\Tools</Filter>
    </ClCompile>
  </ItemGroup>
  <ItemGroup>
    <None Include="MathGeoLib\include\Geometry\KDTree.inl">
      <Filter>Sources\Dependencies\MathGeoLib\Geometry</Filter>
    </None>
    <None Include="MathGeoLib\include\Geometry\QuadTree.inl">
      <Filter>Sources\Dependencies\MathGeoLib\Geometry</Filter>
    </None>
    <None Include="MathGeoLib\include\Geometry\TriangleMesh_IntersectRay_AVX.inl">
      <Filter>Sources\Dependencies\MathGeoLib\Geometry</Filter>
    </None>
    <None Include="MathGeoLib\include\Geometry\TriangleMesh_IntersectRay_CPP.inl">
      <Filter>Sources\Dependencies\MathGeoLib\Geometry</Filter>
    </None>
    <None Include="MathGeoLib\include\Geometry\TriangleMesh_IntersectRay_SSE.inl">
      <Filter>Sources\Dependencies\MathGeoLib\Geometry</Filter>
    </None>
    <None Include="MathGeoLib\include\Math\Matrix.inl">
      <Filter>Sources\Dependencies\MathGeoLib\Math</Filter>
    </None>
    <None Include="Game\Configuration\Configuration.json">
      <Filter>Sources\Configuration</Filter>
    </None>
  </ItemGroup>
</Project>